speakeasyVersion: 1.666.0
sources:
    -OAS:
        sourceNamespace: open-router-chat-completions-api
        sourceRevisionDigest: sha256:01256c8494de6bfc13c36d82ae316a6a13d402194f844618bcd4d59e34f325f3
        sourceBlobDigest: sha256:4c80e48fd5e1cd030e68d664eb93984b4d5946867252ff1755a2bd2a05eccd4e
        tags:
            - latest
    OpenRouter API:
        sourceNamespace: open-router-chat-completions-api
        sourceRevisionDigest: sha256:92f6f1568ba089ae8e52bd55d859a97e446ae232c4c9ca9302ea64705313c7a0
        sourceBlobDigest: sha256:6bbf6ab7123261f7e0604f1c640e32b5fc8fb6bb503b1bc8b12d0d78ed19fefc
        tags:
            - latest
            - 1.0.0
targets:
    open-router:
        source: OpenRouter API
        sourceNamespace: open-router-chat-completions-api
        sourceRevisionDigest: sha256:92f6f1568ba089ae8e52bd55d859a97e446ae232c4c9ca9302ea64705313c7a0
        sourceBlobDigest: sha256:6bbf6ab7123261f7e0604f1c640e32b5fc8fb6bb503b1bc8b12d0d78ed19fefc
        codeSamplesNamespace: open-router-python-code-samples
        codeSamplesRevisionDigest: sha256:8340c172a77ca9ffeeea6ca5dce0d69a084a3ba0a4e2e41d098759f546d80da4
workflow:
    workflowVersion: 1.0.0
    speakeasyVersion: 1.666.0
    sources:
        OpenRouter API:
            inputs:
                - location: .speakeasy/in.openapi.yaml
            overlays:
                - location: .speakeasy/overlays/open-enums.overlay.yaml
                - location: .speakeasy/overlays/remove-rss-responses.overlay.yaml
                - location: .speakeasy/overlays/add-headers.overlay.yaml
            output: .speakeasy/out.openapi.yaml
            registry:
                location: registry.speakeasyapi.dev/openrouter/sdk/open-router-chat-completions-api
    targets:
        open-router:
            target: python
            source: OpenRouter API
            publish:
                pypi:
                    token: $pypi_token
            codeSamples:
                registry:
                    location: registry.speakeasyapi.dev/openrouter/sdk/open-router-python-code-samples
                labelOverride:
                    fixedValue: Python (SDK)
                blocking: false
